
Microsoft Visual Studio Solution File, Format Version 12.00
# Visual Studio Version 17
VisualStudioVersion = 17.10.35004.147
MinimumVisualStudioVersion = 10.0.40219.1
Project("{FAE04EC0-301F-11D3-BF4B-00C04F79EFBC}") = "ImageManipulation.API", "Image_CRUD\ImageManipulation.API.csproj", "{EB3EF735-347E-41D1-826D-EA4F0C3B33F5}"
EndProject
Project("{FAE04EC0-301F-11D3-BF4B-00C04F79EFBC}") = "ImageManipulation.Data", "ImageManipulation.Data\ImageManipulation.Data.csproj", "{509CAF2E-F3AD-4534-A52B-22E564631A95}"
EndProject
Global
	GlobalSection(SolutionConfigurationPlatforms) = preSolution
		Debug|Any CPU = Debug|Any CPU
		Release|Any CPU = Release|Any CPU
	EndGlobalSection
	GlobalSection(ProjectConfigurationPlatforms) = postSolution
		{EB3EF735-347E-41D1-826D-EA4F0C3B33F5}.Debug|Any CPU.ActiveCfg = Debug|Any CPU
		{EB3EF735-347E-41D1-826D-EA4F0C3B33F5}.Debug|Any CPU.Build.0 = Debug|Any CPU
		{EB3EF735-347E-41D1-826D-EA4F0C3B33F5}.Release|Any CPU.ActiveCfg = Release|Any CPU
		{EB3EF735-347E-41D1-826D-EA4F0C3B33F5}.Release|Any CPU.Build.0 = Release|Any CPU
		{509CAF2E-F3AD-4534-A52B-22E564631A95}.Debug|Any CPU.ActiveCfg = Debug|Any CPU
		{509CAF2E-F3AD-4534-A52B-22E564631A95}.Debug|Any CPU.Build.0 = Debug|Any CPU
		{509CAF2E-F3AD-4534-A52B-22E564631A95}.Release|Any CPU.ActiveCfg = Release|Any CPU
		{509CAF2E-F3AD-4534-A52B-22E564631A95}.Release|Any CPU.Build.0 = Release|Any CPU
	EndGlobalSection
	GlobalSection(SolutionProperties) = preSolution
		HideSolutionNode = FALSE
	EndGlobalSection
	GlobalSection(ExtensibilityGlobals) = postSolution
		SolutionGuid = {36E2FC7F-43C8-4EDC-B28F-B0B46829A927}
	EndGlobalSection
EndGlobal
